// !$*UTF8*$!
{
	archiveVersion = 1;
	classes = {
	};
	objectVersion = 46;
	objects = {

/* Begin PBXBuildFile section */
		18126B6C1B341E1600C041C1 /* CommentCell.m in Sources */ = {isa = PBXBuildFile; fileRef = 18126B6B1B341E1600C041C1 /* CommentCell.m */; };
		18126B6F1B341E2E00C041C1 /* CommentViewController.m in Sources */ = {isa = PBXBuildFile; fileRef = 18126B6E1B341E2E00C041C1 /* CommentViewController.m */; };
		1844F5071B33FEFF00B070B3 /* main.m in Sources */ = {isa = PBXBuildFile; fileRef = 1844F5061B33FEFF00B070B3 /* main.m */; };
		1844F50A1B33FEFF00B070B3 /* AppDelegate.m in Sources */ = {isa = PBXBuildFile; fileRef = 1844F5091B33FEFF00B070B3 /* AppDelegate.m */; };
		1844F5101B33FEFF00B070B3 /* Main.storyboard in Resources */ = {isa = PBXBuildFile; fileRef = 1844F50E1B33FEFF00B070B3 /* Main.storyboard */; };
		1844F5121B33FEFF00B070B3 /* Images.xcassets in Resources */ = {isa = PBXBuildFile; fileRef = 1844F5111B33FEFF00B070B3 /* Images.xcassets */; };
		1844F5151B33FEFF00B070B3 /* LaunchScreen.xib in Resources */ = {isa = PBXBuildFile; fileRef = 1844F5131B33FEFF00B070B3 /* LaunchScreen.xib */; };
		1844F5211B33FEFF00B070B3 /* InstagramReaderExTests.m in Sources */ = {isa = PBXBuildFile; fileRef = 1844F5201B33FEFF00B070B3 /* InstagramReaderExTests.m */; };
		1844F52C1B34032500B070B3 /* PhotoViewController.m in Sources */ = {isa = PBXBuildFile; fileRef = 1844F52B1B34032500B070B3 /* PhotoViewController.m */; };
		1844F52F1B3410C700B070B3 /* PhotoCell.m in Sources */ = {isa = PBXBuildFile; fileRef = 1844F52E1B3410C700B070B3 /* PhotoCell.m */; };
		AFFDEC5065CFDE9ED0C8ED5C /* libPods.a in Frameworks */ = {isa = PBXBuildFile; fileRef = 1A57C16D78AA001C133FB425 /* libPods.a */; };
/* End PBXBuildFile section */

/* Begin PBXContainerItemProxy section */
		1844F51B1B33FEFF00B070B3 /* PBXContainerItemProxy */ = {
			isa = PBXContainerItemProxy;
			containerPortal = 1844F4F91B33FEFF00B070B3 /* Project object */;
			proxyType = 1;
			remoteGlobalIDString = 1844F5001B33FEFF00B070B3;
			remoteInfo = InstagramReaderEx;
		};
/* End PBXContainerItemProxy section */

/* Begin PBXFileReference section */
		18126B6A1B341E1600C041C1 /* CommentCell.h */ = {isa = PBXFileReference; fileEncoding = 4; lastKnownFileType = sourcecode.c.h; path = CommentCell.h; sourceTree = "<group>"; };
		18126B6B1B341E1600C041C1 /* CommentCell.m */ = {isa = PBXFileReference; fileEncoding = 4; lastKnownFileType = sourcecode.c.objc; path = CommentCell.m; sourceTree = "<group>"; };
		18126B6D1B341E2E00C041C1 /* CommentViewController.h */ = {isa = PBXFileReference; fileEncoding = 4; lastKnownFileType = sourcecode.c.h; path = CommentViewController.h; sourceTree = "<group>"; };
		18126B6E1B341E2E00C041C1 /* CommentViewController.m */ = {isa = PBXFileReference; fileEncoding = 4; lastKnownFileType = sourcecode.c.objc; path = CommentViewController.m; sourceTree = "<group>"; };
		1844F5011B33FEFF00B070B3 /* InstagramReaderEx.app */ = {isa = PBXFileReference; explicitFileType = wrapper.application; includeInIndex = 0; path = InstagramReaderEx.app; sourceTree = BUILT_PRODUCTS_DIR; };
		1844F5051B33FEFF00B070B3 /* Info.plist */ = {isa = PBXFileReference; lastKnownFileType = text.plist.xml; path = Info.plist; sourceTree = "<group>"; };
		1844F5061B33FEFF00B070B3 /* main.m */ = {isa = PBXFileReference; lastKnownFileType = sourcecode.c.objc; path = main.m; sourceTree = "<group>"; };
		1844F5081B33FEFF00B070B3 /* AppDelegate.h */ = {isa = PBXFileReference; lastKnownFileType = sourcecode.c.h; path = AppDelegate.h; sourceTree = "<group>"; };
		1844F5091B33FEFF00B070B3 /* AppDelegate.m */ = {isa = PBXFileReference; lastKnownFileType = sourcecode.c.objc; path = AppDelegate.m; sourceTree = "<group>"; };
		1844F50F1B33FEFF00B070B3 /* Base */ = {isa = PBXFileReference; lastKnownFileType = file.storyboard; name = Base; path = Base.lproj/Main.storyboard; sourceTree = "<group>"; };
		1844F5111B33FEFF00B070B3 /* Images.xcassets */ = {isa = PBXFileReference; lastKnownFileType = folder.assetcatalog; path = Images.xcassets; sourceTree = "<group>"; };
		1844F5141B33FEFF00B070B3 /* Base */ = {isa = PBXFileReference; lastKnownFileType = file.xib; name = Base; path = Base.lproj/LaunchScreen.xib; sourceTree = "<group>"; };
		1844F51A1B33FEFF00B070B3 /* InstagramReaderExTests.xctest */ = {isa = PBXFileReference; explicitFileType = wrapper.cfbundle; includeInIndex = 0; path = InstagramReaderExTests.xctest; sourceTree = BUILT_PRODUCTS_DIR; };
		1844F51F1B33FEFF00B070B3 /* Info.plist */ = {isa = PBXFileReference; lastKnownFileType = text.plist.xml; path = Info.plist; sourceTree = "<group>"; };
		1844F5201B33FEFF00B070B3 /* InstagramReaderExTests.m */ = {isa = PBXFileReference; lastKnownFileType = sourcecode.c.objc; path = InstagramReaderExTests.m; sourceTree = "<group>"; };
		1844F52A1B34032500B070B3 /* PhotoViewController.h */ = {isa = PBXFileReference; fileEncoding = 4; lastKnownFileType = sourcecode.c.h; path = PhotoViewController.h; sourceTree = "<group>"; };
		1844F52B1B34032500B070B3 /* PhotoViewController.m */ = {isa = PBXFileReference; fileEncoding = 4; lastKnownFileType = sourcecode.c.objc; path = PhotoViewController.m; sourceTree = "<group>"; };
		1844F52D1B3410C700B070B3 /* PhotoCell.h */ = {isa = PBXFileReference; fileEncoding = 4; lastKnownFileType = sourcecode.c.h; path = PhotoCell.h; sourceTree = "<group>"; };
		1844F52E1B3410C700B070B3 /* PhotoCell.m */ = {isa = PBXFileReference; fileEncoding = 4; lastKnownFileType = sourcecode.c.objc; path = PhotoCell.m; sourceTree = "<group>"; };
		1A57C16D78AA001C133FB425 /* libPods.a */ = {isa = PBXFileReference; explicitFileType = archive.ar; includeInIndex = 0; path = libPods.a; sourceTree = BUILT_PRODUCTS_DIR; };
		5517B9DC86F75FC6BD7C5A07 /* Pods.release.xcconfig */ = {isa = PBXFileReference; includeInIndex = 1; lastKnownFileType = text.xcconfig; name = Pods.release.xcconfig; path = "Pods/Target Support Files/Pods/Pods.release.xcconfig"; sourceTree = "<group>"; };
		65C4055108D5ABD703042087 /* Pods.debug.xcconfig */ = {isa = PBXFileReference; includeInIndex = 1; lastKnownFileType = text.xcconfig; name = Pods.debug.xcconfig; path = "Pods/Target Support Files/Pods/Pods.debug.xcconfig"; sourceTree = "<group>"; };
/* End PBXFileReference section */

/* Begin PBXFrameworksBuildPhase section */
		1844F4FE1B33FEFF00B070B3 /* Frameworks */ = {
			isa = PBXFrameworksBuildPhase;
			buildActionMask = 2147483647;
			files = (
				AFFDEC5065CFDE9ED0C8ED5C /* libPods.a in Frameworks */,
			);
			runOnlyForDeploymentPostprocessing = 0;
		};
		1844F5171B33FEFF00B070B3 /* Frameworks */ = {
			isa = PBXFrameworksBuildPhase;
			buildActionMask = 2147483647;
			files = (
			);
			runOnlyForDeploymentPostprocessing = 0;
		};
/* End PBXFrameworksBuildPhase section */

/* Begin PBXGroup section */
		1844F4F81B33FEFF00B070B3 = {
			isa = PBXGroup;
			children = (
				1844F5031B33FEFF00B070B3 /* InstagramReaderEx */,
				1844F51D1B33FEFF00B070B3 /* InstagramReaderExTests */,
				1844F5021B33FEFF00B070B3 /* Products */,
				A1E9F37F8552C3817EA3581E /* Pods */,
				39FE2CBF92E15623DDBCC5EA /* Frameworks */,
			);
			sourceTree = "<group>";
		};
		1844F5021B33FEFF00B070B3 /* Products */ = {
			isa = PBXGroup;
			children = (
				1844F5011B33FEFF00B070B3 /* InstagramReaderEx.app */,
				1844F51A1B33FEFF00B070B3 /* InstagramReaderExTests.xctest */,
			);
			name = Products;
			sourceTree = "<group>";
		};
		1844F5031B33FEFF00B070B3 /* InstagramReaderEx */ = {
			isa = PBXGroup;
			children = (
				1844F5081B33FEFF00B070B3 /* AppDelegate.h */,
				1844F5091B33FEFF00B070B3 /* AppDelegate.m */,
				1844F50E1B33FEFF00B070B3 /* Main.storyboard */,
				18126B6A1B341E1600C041C1 /* CommentCell.h */,
				18126B6B1B341E1600C041C1 /* CommentCell.m */,
				18126B6D1B341E2E00C041C1 /* CommentViewController.h */,
				18126B6E1B341E2E00C041C1 /* CommentViewController.m */,
				1844F52D1B3410C700B070B3 /* PhotoCell.h */,
				1844F52E1B3410C700B070B3 /* PhotoCell.m */,
				1844F52A1B34032500B070B3 /* PhotoViewController.h */,
				1844F52B1B34032500B070B3 /* PhotoViewController.m */,
				1844F5111B33FEFF00B070B3 /* Images.xcassets */,
				1844F5131B33FEFF00B070B3 /* LaunchScreen.xib */,
				1844F5041B33FEFF00B070B3 /* Supporting Files */,
			);
			path = InstagramReaderEx;
			sourceTree = "<group>";
		};
		1844F5041B33FEFF00B070B3 /* Supporting Files */ = {
			isa = PBXGroup;
			children = (
				1844F5051B33FEFF00B070B3 /* Info.plist */,
				1844F5061B33FEFF00B070B3 /* main.m */,
			);
			name = "Supporting Files";
			sourceTree = "<group>";
		};
		1844F51D1B33FEFF00B070B3 /* InstagramReaderExTests */ = {
			isa = PBXGroup;
			children = (
				1844F5201B33FEFF00B070B3 /* InstagramReaderExTests.m */,
				1844F51E1B33FEFF00B070B3 /* Supporting Files */,
			);
			path = InstagramReaderExTests;
			sourceTree = "<group>";
		};
		1844F51E1B33FEFF00B070B3 /* Supporting Files */ = {
			isa = PBXGroup;
			children = (
				1844F51F1B33FEFF00B070B3 /* Info.plist */,
			);
			name = "Supporting Files";
			sourceTree = "<group>";
		};
		39FE2CBF92E15623DDBCC5EA /* Frameworks */ = {
			isa = PBXGroup;
			children = (
				1A57C16D78AA001C133FB425 /* libPods.a */,
			);
			name = Frameworks;
			sourceTree = "<group>";
		};
		A1E9F37F8552C3817EA3581E /* Pods */ = {
			isa = PBXGroup;
			children = (
				65C4055108D5ABD703042087 /* Pods.debug.xcconfig */,
				5517B9DC86F75FC6BD7C5A07 /* Pods.release.xcconfig */,
			);
			name = Pods;
			sourceTree = "<group>";
		};
/* End PBXGroup section */

/* Begin PBXNativeTarget section */
		1844F5001B33FEFF00B070B3 /* InstagramReaderEx */ = {
			isa = PBXNativeTarget;
			buildConfigurationList = 1844F5241B33FEFF00B070B3 /* Build configuration list for PBXNativeTarget "InstagramReaderEx" */;
			buildPhases = (
				84A40F9BA625928664078D90 /* Check Pods Manifest.lock */,
				1844F4FD1B33FEFF00B070B3 /* Sources */,
				1844F4FE1B33FEFF00B070B3 /* Frameworks */,
				1844F4FF1B33FEFF00B070B3 /* Resources */,
				ECDA37790AE6649DAE7D9B40 /* Copy Pods Resources */,
			);
			buildRules = (
			);
			dependencies = (
			);
			name = InstagramReaderEx;
			productName = InstagramReaderEx;
			productReference = 1844F5011B33FEFF00B070B3 /* InstagramReaderEx.app */;
			productType = "com.apple.product-type.application";
		};
		1844F5191B33FEFF00B070B3 /* InstagramReaderExTests */ = {
			isa = PBXNativeTarget;
			buildConfigurationList = 1844F5271B33FEFF00B070B3 /* Build configuration list for PBXNativeTarget "InstagramReaderExTests" */;
			buildPhases = (
				1844F5161B33FEFF00B070B3 /* Sources */,
				1844F5171B33FEFF00B070B3 /* Frameworks */,
				1844F5181B33FEFF00B070B3 /* Resources */,
			);
			buildRules = (
			);
			dependencies = (
				1844F51C1B33FEFF00B070B3 /* PBXTargetDependency */,
			);
			name = InstagramReaderExTests;
			productName = InstagramReaderExTests;
			productReference = 1844F51A1B33FEFF00B070B3 /* InstagramReaderExTests.xctest */;
			productType = "com.apple.product-type.bundle.unit-test";
		};
/* End PBXNativeTarget section */

/* Begin PBXProject section */
		1844F4F91B33FEFF00B070B3 /* Project object */ = {
			isa = PBXProject;
			attributes = {
				LastUpgradeCheck = 0630;
				ORGANIZATIONNAME = AlleyOops;
				TargetAttributes = {
					1844F5001B33FEFF00B070B3 = {
						CreatedOnToolsVersion = 6.3.2;
					};
					1844F5191B33FEFF00B070B3 = {
						CreatedOnToolsVersion = 6.3.2;
						TestTargetID = 1844F5001B33FEFF00B070B3;
					};
				};
			};
			buildConfigurationList = 1844F4FC1B33FEFF00B070B3 /* Build configuration list for PBXProject "InstagramReaderEx" */;
			compatibilityVersion = "Xcode 3.2";
			developmentRegion = English;
			hasScannedForEncodings = 0;
			knownRegions = (
				en,
				Base,
			);
			mainGroup = 1844F4F81B33FEFF00B070B3;
			productRefGroup = 1844F5021B33FEFF00B070B3 /* Products */;
			projectDirPath = "";
			projectRoot = "";
			targets = (
				1844F5001B33FEFF00B070B3 /* InstagramReaderEx */,
				1844F5191B33FEFF00B070B3 /* InstagramReaderExTests */,
			);
		};
/* End PBXProject section */

/* Begin PBXResourcesBuildPhase section */
		1844F4FF1B33FEFF00B070B3 /* Resources */ = {
			isa = PBXResourcesBuildPhase;
			buildActionMask = 2147483647;
			files = (
				1844F5101B33FEFF00B070B3 /* Main.storyboard in Resources */,
				1844F5151B33FEFF00B070B3 /* LaunchScreen.xib in Resources */,
				1844F5121B33FEFF00B070B3 /* Images.xcassets in Resources */,
			);
			runOnlyForDeploymentPostprocessing = 0;
		};
		1844F5181B33FEFF00B070B3 /* Resources */ = {
			isa = PBXResourcesBuildPhase;
			buildActionMask = 2147483647;
			files = (
			);
			runOnlyForDeploymentPostprocessing = 0;
		};
/* End PBXResourcesBuildPhase section */

/* Begin PBXShellScriptBuildPhase section */
		84A40F9BA625928664078D90 /* Check Pods Manifest.lock */ = {
			isa = PBXShellScriptBuildPhase;
			buildActionMask = 2147483647;
			files = (
			);
			inputPaths = (
			);
			name = "Check Pods Manifest.lock";
			outputPaths = (
			);
			runOnlyForDeploymentPostprocessing = 0;
			shellPath = /bin/sh;
			shellScript = "diff \"${PODS_ROOT}/../Podfile.lock\" \"${PODS_ROOT}/Manifest.lock\" > /dev/null\nif [[ $? != 0 ]] ; then\n    cat << EOM\nerror: The sandbox is not in sync with the Podfile.lock. Run 'pod install' or update your CocoaPods installation.\nEOM\n    exit 1\nfi\n";
			showEnvVarsInLog = 0;
		};
		ECDA37790AE6649DAE7D9B40 /* Copy Pods Resources */ = {
			isa = PBXShellScriptBuildPhase;
			buildActionMask = 2147483647;
			files = (
			);
			inputPaths = (
			);
			name = "Copy Pods Resources";
			outputPaths = (
			);
			runOnlyForDeploymentPostprocessing = 0;
			shellPath = /bin/sh;
			shellScript = "\"${SRCROOT}/Pods/Target Support Files/Pods/Pods-resources.sh\"\n";
			showEnvVarsInLog = 0;
		};
/* End PBXShellScriptBuildPhase section */

/* Begin PBXSourcesBuildPhase section */
		1844F4FD1B33FEFF00B070B3 /* Sources */ = {
			isa = PBXSourcesBuildPhase;
			buildActionMask = 2147483647;
			files = (
				18126B6F1B341E2E00C041C1 /* CommentViewController.m in Sources */,
				1844F52F1B3410C700B070B3 /* PhotoCell.m in Sources */,
				1844F52C1B34032500B070B3 /* PhotoViewController.m in Sources */,
				1844F50A1B33FEFF00B070B3 /* AppDelegate.m in Sources */,
				18126B6C1B341E1600C041C1 /* CommentCell.m in Sources */,
				1844F5071B33FEFF00B070B3 /* main.m in Sources */,
			);
			runOnlyForDeploymentPostprocessing = 0;
		};
		1844F5161B33FEFF00B070B3 /* Sources */ = {
			isa = PBXSourcesBuildPhase;
			buildActionMask = 2147483647;
			files = (
				1844F5211B33FEFF00B070B3 /* InstagramReaderExTests.m in Sources */,
			);
			runOnlyForDeploymentPostprocessing = 0;
		};
/* End PBXSourcesBuildPhase section */

/* Begin PBXTargetDependency section */
		1844F51C1B33FEFF00B070B3 /* PBXTargetDependency */ = {
			isa = PBXTargetDependency;
			target = 1844F5001B33FEFF00B070B3 /* InstagramReaderEx */;
			targetProxy = 1844F51B1B33FEFF00B070B3 /* PBXContainerItemProxy */;
		};
/* End PBXTargetDependency section */

/* Begin PBXVariantGroup section */
		1844F50E1B33FEFF00B070B3 /* Main.storyboard */ = {
			isa = PBXVariantGroup;
			children = (
				1844F50F1B33FEFF00B070B3 /* Base */,
			);
			name = Main.storyboard;
			sourceTree = "<group>";
		};
		1844F5131B33FEFF00B070B3 /* LaunchScreen.xib */ = {
			isa = PBXVariantGroup;
			children = (
				1844F5141B33FEFF00B070B3 /* Base */,
			);
			name = LaunchScreen.xib;
			sourceTree = "<group>";
		};
/* End PBXVariantGroup section */

/* Begin XCBuildConfiguration section */
		1844F5221B33FEFF00B070B3 /* Debug */ = {
			isa = XCBuildConfiguration;
			buildSettings = {
				ALWAYS_SEARCH_USER_PATHS = NO;
				CLANG_CXX_LANGUAGE_STANDARD = "gnu++0x";
				CLANG_CXX_LIBRARY = "libc++";
				CLANG_ENABLE_MODULES = YES;
				CLANG_ENABLE_OBJC_ARC = YES;
				CLANG_WARN_BOOL_CONVERSION = YES;
				CLANG_WARN_CONSTANT_CONVERSION = YES;
				CLANG_WARN_DIRECT_OBJC_ISA_USAGE = YES_ERROR;
				CLANG_WARN_EMPTY_BODY = YES;
				CLANG_WARN_ENUM_CONVERSION = YES;
				CLANG_WARN_INT_CONVERSION = YES;
				CLANG_WARN_OBJC_ROOT_CLASS = YES_ERROR;
				CLANG_WARN_UNREACHABLE_CODE = YES;
				CLANG_WARN__DUPLICATE_METHOD_MATCH = YES;
				"CODE_SIGN_IDENTITY[sdk=iphoneos*]" = "iPhone Developer";
				COPY_PHASE_STRIP = NO;
				DEBUG_INFORMATION_FORMAT = "dwarf-with-dsym";
				ENABLE_STRICT_OBJC_MSGSEND = YES;
				GCC_C_LANGUAGE_STANDARD = gnu99;
				GCC_DYNAMIC_NO_PIC = NO;
				GCC_NO_COMMON_BLOCKS = YES;
				GCC_OPTIMIZATION_LEVEL = 0;
				GCC_PREPROCESSOR_DEFINITIONS = (
					"DEBUG=1",
					"$(inherited)",
				);
				GCC_SYMBOLS_PRIVATE_EXTERN = NO;
				GCC_WARN_64_TO_32_BIT_CONVERSION = YES;
				GCC_WARN_ABOUT_RETURN_TYPE = YES_ERROR;
				GCC_WARN_UNDECLARED_SELECTOR = YES;
				GCC_WARN_UNINITIALIZED_AUTOS = YES_AGGRESSIVE;
				GCC_WARN_UNUSED_FUNCTION = YES;
				GCC_WARN_UNUSED_VARIABLE = YES;
				IPHONEOS_DEPLOYMENT_TARGET = 8.3;
				MTL_ENABLE_DEBUG_INFO = YES;
				ONLY_ACTIVE_ARCH = YES;
				SDKROOT = iphoneos;
			};
			name = Debug;
		};
		1844F5231B33FEFF00B070B3 /* Release */ = {
			isa = XCBuildConfiguration;
			buildSettings = {
				ALWAYS_SEARCH_USER_PATHS = NO;
				CLANG_CXX_LANGUAGE_STANDARD = "gnu++0x";
				CLANG_CXX_LIBRARY = "libc++";
				CLANG_ENABLE_MODULES = YES;
				CLANG_ENABLE_OBJC_ARC = YES;
				CLANG_WARN_BOOL_CONVERSION = YES;
				CLANG_WARN_CONSTANT_CONVERSION = YES;
				CLANG_WARN_DIRECT_OBJC_ISA_USAGE = YES_ERROR;
				CLANG_WARN_EMPTY_BODY = YES;
				CLANG_WARN_ENUM_CONVERSION = YES;
				CLANG_WARN_INT_CONVERSION = YES;
				CLANG_WARN_OBJC_ROOT_CLASS = YES_ERROR;
				CLANG_WARN_UNREACHABLE_CODE = YES;
				CLANG_WARN__DUPLICATE_METHOD_MATCH = YES;
				"CODE_SIGN_IDENTITY[sdk=iphoneos*]" = "iPhone Developer";
				COPY_PHASE_STRIP = NO;
				DEBUG_INFORMATION_FORMAT = "dwarf-with-dsym";
				ENABLE_NS_ASSERTIONS = NO;
				ENABLE_STRICT_OBJC_MSGSEND = YES;
				GCC_C_LANGUAGE_STANDARD = gnu99;
				GCC_NO_COMMON_BLOCKS = YES;
				GCC_WARN_64_TO_32_BIT_CONVERSION = YES;
				GCC_WARN_ABOUT_RETURN_TYPE = YES_ERROR;
				GCC_WARN_UNDECLARED_SELECTOR = YES;
				GCC_WARN_UNINITIALIZED_AUTOS = YES_AGGRESSIVE;
				GCC_WARN_UNUSED_FUNCTION = YES;
				GCC_WARN_UNUSED_VARIABLE = YES;
				IPHONEOS_DEPLOYMENT_TARGET = 8.3;
				MTL_ENABLE_DEBUG_INFO = NO;
				SDKROOT = iphoneos;
				VALIDATE_PRODUCT = YES;
			};
			name = Release;
		};
		1844F5251B33FEFF00B070B3 /* Debug */ = {
			isa = XCBuildConfiguration;
			baseConfigurationReference = 65C4055108D5ABD703042087 /* Pods.debug.xcconfig */;
			buildSettings = {
				ASSETCATALOG_COMPILER_APPICON_NAME = AppIcon;
				INFOPLIST_FILE = InstagramReaderEx/Info.plist;
				LD_RUNPATH_SEARCH_PATHS = "$(inherited) @executable_path/Frameworks";
				PRODUCT_NAME = "$(TARGET_NAME)";
			};
			name = Debug;
		};
		1844F5261B33FEFF00B070B3 /* Release */ = {
			isa = XCBuildConfiguration;
			baseConfigurationReference = 5517B9DC86F75FC6BD7C5A07 /* Pods.release.xcconfig */;
			buildSettings = {
				ASSETCATALOG_COMPILER_APPICON_NAME = AppIcon;
				INFOPLIST_FILE = InstagramReaderEx/Info.plist;
				LD_RUNPATH_SEARCH_PATHS = "$(inherited) @executable_path/Frameworks";
				PRODUCT_NAME = "$(TARGET_NAME)";
			};
			name = Release;
		};
		1844F5281B33FEFF00B070B3 /* Debug */ = {
			isa = XCBuildConfiguration;
			buildSettings = {
				BUNDLE_LOADER = "$(TEST_HOST)";
				FRAMEWORK_SEARCH_PATHS = (
					"$(SDKROOT)/Developer/Library/Frameworks",
					"$(inherited)",
				);
				GCC_PREPROCESSOR_DEFINITIONS = (
					"DEBUG=1",
					"$(inherited)",
				);
				INFOPLIST_FILE = InstagramReaderExTests/Info.plist;
				LD_RUNPATH_SEARCH_PATHS = "$(inherited) @executable_path/Frameworks @loader_path/Frameworks";
				PRODUCT_NAME = "$(TARGET_NAME)";
				TEST_HOST = "$(BUILT_PRODUCTS_DIR)/InstagramReaderEx.app/InstagramReaderEx";
			};
			name = Debug;
		};
		1844F5291B33FEFF00B070B3 /* Release */ = {
			isa = XCBuildConfiguration;
			buildSettings = {
				BUNDLE_LOADER = "$(TEST_HOST)";
				FRAMEWORK_SEARCH_PATHS = (
					"$(SDKROOT)/Developer/Library/Frameworks",
					"$(inherited)",
				);
				INFOPLIST_FILE = InstagramReaderExTests/Info.plist;
				LD_RUNPATH_SEARCH_PATHS = "$(inherited) @executable_path/Frameworks @loader_path/Frameworks";
				PRODUCT_NAME = "$(TARGET_NAME)";
				TEST_HOST = "$(BUILT_PRODUCTS_DIR)/InstagramReaderEx.app/InstagramReaderEx";
			};
			name = Release;
		};
/* End XCBuildConfiguration section */

/* Begin XCConfigurationList section */
		1844F4FC1B33FEFF00B070B3 /* Build configuration list for PBXProject "InstagramReaderEx" */ = {
			isa = XCConfigurationList;
			buildConfigurations = (
				1844F5221B33FEFF00B070B3 /* Debug */,
				1844F5231B33FEFF00B070B3 /* Release */,
			);
			defaultConfigurationIsVisible = 0;
			defaultConfigurationName = Release;
		};
		1844F5241B33FEFF00B070B3 /* Build configuration list for PBXNativeTarget "InstagramReaderEx" */ = {
			isa = XCConfigurationList;
			buildConfigurations = (
				1844F5251B33FEFF00B070B3 /* Debug */,
				1844F5261B33FEFF00B070B3 /* Release */,
			);
			defaultConfigurationIsVisible = 0;
			defaultConfigurationName = Release;
		};
		1844F5271B33FEFF00B070B3 /* Build configuration list for PBXNativeTarget "InstagramReaderExTests" */ = {
			isa = XCConfigurationList;
			buildConfigurations = (
				1844F5281B33FEFF00B070B3 /* Debug */,
				1844F5291B33FEFF00B070B3 /* Release */,
			);
			defaultConfigurationIsVisible = 0;
			defaultConfigurationName = Release;
		};
/* End XCConfigurationList section */
	};
	rootObject = 1844F4F91B33FEFF00B070B3 /* Project object */;
}
